
Microsoft Visual Studio Solution File, Format Version 12.00
# Visual Studio Version 17
VisualStudioVersion = 17.0.31903.59
MinimumVisualStudioVersion = 10.0.40219.1
Project("{2150E333-8FDC-42A3-9474-1A3956D46DE8}") = "Core", "Core", "{2B2451F6-7ADF-4B55-AB98-D5746E267EF5}"
EndProject
Project("{9A19103F-16F7-4668-BE54-9A1E7A4F7556}") = "Domain", "Core\Domain\Domain.csproj", "{CD4B570A-76E8-41FE-9B4A-90252C64CAFB}"
EndProject
Project("{9A19103F-16F7-4668-BE54-9A1E7A4F7556}") = "Application", "Core\application\Application.csproj", "{80E3CEB5-D99A-47C6-A1C3-ACF88380FC3F}"
EndProject
Project("{9A19103F-16F7-4668-BE54-9A1E7A4F7556}") = "Infrastructure", "Infrastructure\Infrastructure.csproj", "{781F1560-616E-4EF5-8112-A0B3ACA014CB}"
EndProject
Project("{2150E333-8FDC-42A3-9474-1A3956D46DE8}") = "WebUi", "WebUi", "{27A74D54-5934-405E-88A6-A07E69625AAD}"
EndProject
Project("{9A19103F-16F7-4668-BE54-9A1E7A4F7556}") = "WebUI.Client", "WebUi\Client\WebUI.Client.csproj", "{19D51B59-471A-4FBD-9222-74AFC184CAA5}"
EndProject
Project("{9A19103F-16F7-4668-BE54-9A1E7A4F7556}") = "WebUI.Server", "WebUi\Server\WebUI.Server.csproj", "{8AE4ED56-BFB7-4BF0-A4AA-357E2A5670A2}"
EndProject
Project("{9A19103F-16F7-4668-BE54-9A1E7A4F7556}") = "WebUI.Shared", "WEbUi\Shared\WebUI.Shared.csproj", "{A3A160B8-7100-4C61-9A68-476600E77B02}"
EndProject
Project("{2150E333-8FDC-42A3-9474-1A3956D46DE8}") = "tests", "tests", "{4899A1C8-8F4F-4434-A46B-8C07A4CADAD3}"
EndProject
Project("{9A19103F-16F7-4668-BE54-9A1E7A4F7556}") = "Domain.UnitTests", "tests\Domain.UnitTests\Domain.UnitTests.csproj", "{AF856A1F-CEAB-44D8-AFD2-5D55838EDDB1}"
EndProject
Project("{9A19103F-16F7-4668-BE54-9A1E7A4F7556}") = "WebUi.Server.IntegrationTests", "tests\WebUI.Server.IntegrationTests\WebUi.Server.IntegrationTests.csproj", "{80090EB0-0EB0-4665-8BA9-3908E6556D50}"
EndProject
Project("{9A19103F-16F7-4668-BE54-9A1E7A4F7556}") = "Application.UnitTests", "tests\Application.UnitTests\Application.UnitTests.csproj", "{4B2E1759-B119-486D-AA20-8D922E5A7911}"
EndProject
Project("{2150E333-8FDC-42A3-9474-1A3956D46DE8}") = "Solution Items", "Solution Items", "{4FC90337-C0E0-4AC2-8840-64A5500372A0}"
	ProjectSection(SolutionItems) = preProject
		ToDo.txt = ToDo.txt
	EndProjectSection
EndProject
Global
	GlobalSection(SolutionConfigurationPlatforms) = preSolution
		Debug|Any CPU = Debug|Any CPU
		Release|Any CPU = Release|Any CPU
	EndGlobalSection
	GlobalSection(ProjectConfigurationPlatforms) = postSolution
		{CD4B570A-76E8-41FE-9B4A-90252C64CAFB}.Debug|Any CPU.ActiveCfg = Debug|Any CPU
		{CD4B570A-76E8-41FE-9B4A-90252C64CAFB}.Debug|Any CPU.Build.0 = Debug|Any CPU
		{CD4B570A-76E8-41FE-9B4A-90252C64CAFB}.Release|Any CPU.ActiveCfg = Release|Any CPU
		{CD4B570A-76E8-41FE-9B4A-90252C64CAFB}.Release|Any CPU.Build.0 = Release|Any CPU
		{80E3CEB5-D99A-47C6-A1C3-ACF88380FC3F}.Debug|Any CPU.ActiveCfg = Debug|Any CPU
		{80E3CEB5-D99A-47C6-A1C3-ACF88380FC3F}.Debug|Any CPU.Build.0 = Debug|Any CPU
		{80E3CEB5-D99A-47C6-A1C3-ACF88380FC3F}.Release|Any CPU.ActiveCfg = Release|Any CPU
		{80E3CEB5-D99A-47C6-A1C3-ACF88380FC3F}.Release|Any CPU.Build.0 = Release|Any CPU
		{781F1560-616E-4EF5-8112-A0B3ACA014CB}.Debug|Any CPU.ActiveCfg = Debug|Any CPU
		{781F1560-616E-4EF5-8112-A0B3ACA014CB}.Debug|Any CPU.Build.0 = Debug|Any CPU
		{781F1560-616E-4EF5-8112-A0B3ACA014CB}.Release|Any CPU.ActiveCfg = Release|Any CPU
		{781F1560-616E-4EF5-8112-A0B3ACA014CB}.Release|Any CPU.Build.0 = Release|Any CPU
		{19D51B59-471A-4FBD-9222-74AFC184CAA5}.Debug|Any CPU.ActiveCfg = Debug|Any CPU
		{19D51B59-471A-4FBD-9222-74AFC184CAA5}.Debug|Any CPU.Build.0 = Debug|Any CPU
		{19D51B59-471A-4FBD-9222-74AFC184CAA5}.Release|Any CPU.ActiveCfg = Release|Any CPU
		{19D51B59-471A-4FBD-9222-74AFC184CAA5}.Release|Any CPU.Build.0 = Release|Any CPU
		{8AE4ED56-BFB7-4BF0-A4AA-357E2A5670A2}.Debug|Any CPU.ActiveCfg = Debug|Any CPU
		{8AE4ED56-BFB7-4BF0-A4AA-357E2A5670A2}.Debug|Any CPU.Build.0 = Debug|Any CPU
		{8AE4ED56-BFB7-4BF0-A4AA-357E2A5670A2}.Release|Any CPU.ActiveCfg = Release|Any CPU
		{8AE4ED56-BFB7-4BF0-A4AA-357E2A5670A2}.Release|Any CPU.Build.0 = Release|Any CPU
		{A3A160B8-7100-4C61-9A68-476600E77B02}.Debug|Any CPU.ActiveCfg = Debug|Any CPU
		{A3A160B8-7100-4C61-9A68-476600E77B02}.Debug|Any CPU.Build.0 = Debug|Any CPU
		{A3A160B8-7100-4C61-9A68-476600E77B02}.Release|Any CPU.ActiveCfg = Release|Any CPU
		{A3A160B8-7100-4C61-9A68-476600E77B02}.Release|Any CPU.Build.0 = Release|Any CPU
		{AF856A1F-CEAB-44D8-AFD2-5D55838EDDB1}.Debug|Any CPU.ActiveCfg = Debug|Any CPU
		{AF856A1F-CEAB-44D8-AFD2-5D55838EDDB1}.Debug|Any CPU.Build.0 = Debug|Any CPU
		{AF856A1F-CEAB-44D8-AFD2-5D55838EDDB1}.Release|Any CPU.ActiveCfg = Release|Any CPU
		{AF856A1F-CEAB-44D8-AFD2-5D55838EDDB1}.Release|Any CPU.Build.0 = Release|Any CPU
		{80090EB0-0EB0-4665-8BA9-3908E6556D50}.Debug|Any CPU.ActiveCfg = Debug|Any CPU
		{80090EB0-0EB0-4665-8BA9-3908E6556D50}.Debug|Any CPU.Build.0 = Debug|Any CPU
		{80090EB0-0EB0-4665-8BA9-3908E6556D50}.Release|Any CPU.ActiveCfg = Release|Any CPU
		{80090EB0-0EB0-4665-8BA9-3908E6556D50}.Release|Any CPU.Build.0 = Release|Any CPU
		{4B2E1759-B119-486D-AA20-8D922E5A7911}.Debug|Any CPU.ActiveCfg = Debug|Any CPU
		{4B2E1759-B119-486D-AA20-8D922E5A7911}.Debug|Any CPU.Build.0 = Debug|Any CPU
		{4B2E1759-B119-486D-AA20-8D922E5A7911}.Release|Any CPU.ActiveCfg = Release|Any CPU
		{4B2E1759-B119-486D-AA20-8D922E5A7911}.Release|Any CPU.Build.0 = Release|Any CPU
	EndGlobalSection
	GlobalSection(SolutionProperties) = preSolution
		HideSolutionNode = FALSE
	EndGlobalSection
	GlobalSection(NestedProjects) = preSolution
		{CD4B570A-76E8-41FE-9B4A-90252C64CAFB} = {2B2451F6-7ADF-4B55-AB98-D5746E267EF5}
		{80E3CEB5-D99A-47C6-A1C3-ACF88380FC3F} = {2B2451F6-7ADF-4B55-AB98-D5746E267EF5}
		{19D51B59-471A-4FBD-9222-74AFC184CAA5} = {27A74D54-5934-405E-88A6-A07E69625AAD}
		{8AE4ED56-BFB7-4BF0-A4AA-357E2A5670A2} = {27A74D54-5934-405E-88A6-A07E69625AAD}
		{A3A160B8-7100-4C61-9A68-476600E77B02} = {27A74D54-5934-405E-88A6-A07E69625AAD}
		{AF856A1F-CEAB-44D8-AFD2-5D55838EDDB1} = {4899A1C8-8F4F-4434-A46B-8C07A4CADAD3}
		{80090EB0-0EB0-4665-8BA9-3908E6556D50} = {4899A1C8-8F4F-4434-A46B-8C07A4CADAD3}
		{4B2E1759-B119-486D-AA20-8D922E5A7911} = {4899A1C8-8F4F-4434-A46B-8C07A4CADAD3}
	EndGlobalSection
	GlobalSection(ExtensibilityGlobals) = postSolution
		SolutionGuid = {D6D417D8-B979-45F1-9784-F4F505F27FC8}
	EndGlobalSection
EndGlobal
