
Microsoft Visual Studio Solution File, Format Version 12.00
# Visual Studio Version 17
VisualStudioVersion = 17.0.31903.59
MinimumVisualStudioVersion = 10.0.40219.1
Project("{2150E333-8FDC-42A3-9474-1A3956D46DE8}") = "Core", "Core", "{2B2451F6-7ADF-4B55-AB98-D5746E267EF5}"
EndProject
Project("{9A19103F-16F7-4668-BE54-9A1E7A4F7556}") = "Domain", "Core\Domain\Domain.csproj", "{CD4B570A-76E8-41FE-9B4A-90252C64CAFB}"
EndProject
Project("{9A19103F-16F7-4668-BE54-9A1E7A4F7556}") = "Application", "Core\application\Application.csproj", "{80E3CEB5-D99A-47C6-A1C3-ACF88380FC3F}"
EndProject
Project("{9A19103F-16F7-4668-BE54-9A1E7A4F7556}") = "Infrastructure", "Infrastructure\Infrastructure.csproj", "{781F1560-616E-4EF5-8112-A0B3ACA014CB}"
EndProject
Project("{2150E333-8FDC-42A3-9474-1A3956D46DE8}") = "WebUi", "WebUi", "{27A74D54-5934-405E-88A6-A07E69625AAD}"
EndProject
Project("{FAE04EC0-301F-11D3-BF4B-00C04F79EFBC}") = "WebUI.Client", "WebUi\Client\WebUI.Client.csproj", "{19D51B59-471A-4FBD-9222-74AFC184CAA5}"
EndProject
Project("{FAE04EC0-301F-11D3-BF4B-00C04F79EFBC}") = "WebUI.Server", "WebUi\Server\WebUI.Server.csproj", "{8AE4ED56-BFB7-4BF0-A4AA-357E2A5670A2}"
EndProject
Project("{FAE04EC0-301F-11D3-BF4B-00C04F79EFBC}") = "WebUI.Shared", "WEbUi\Shared\WebUI.Shared.csproj", "{A3A160B8-7100-4C61-9A68-476600E77B02}"
EndProject
Global
	GlobalSection(SolutionConfigurationPlatforms) = preSolution
		Debug|Any CPU = Debug|Any CPU
		Release|Any CPU = Release|Any CPU
	EndGlobalSection
	GlobalSection(ProjectConfigurationPlatforms) = postSolution
		{CD4B570A-76E8-41FE-9B4A-90252C64CAFB}.Debug|Any CPU.ActiveCfg = Debug|Any CPU
		{CD4B570A-76E8-41FE-9B4A-90252C64CAFB}.Debug|Any CPU.Build.0 = Debug|Any CPU
		{CD4B570A-76E8-41FE-9B4A-90252C64CAFB}.Release|Any CPU.ActiveCfg = Release|Any CPU
		{CD4B570A-76E8-41FE-9B4A-90252C64CAFB}.Release|Any CPU.Build.0 = Release|Any CPU
		{80E3CEB5-D99A-47C6-A1C3-ACF88380FC3F}.Debug|Any CPU.ActiveCfg = Debug|Any CPU
		{80E3CEB5-D99A-47C6-A1C3-ACF88380FC3F}.Debug|Any CPU.Build.0 = Debug|Any CPU
		{80E3CEB5-D99A-47C6-A1C3-ACF88380FC3F}.Release|Any CPU.ActiveCfg = Release|Any CPU
		{80E3CEB5-D99A-47C6-A1C3-ACF88380FC3F}.Release|Any CPU.Build.0 = Release|Any CPU
		{781F1560-616E-4EF5-8112-A0B3ACA014CB}.Debug|Any CPU.ActiveCfg = Debug|Any CPU
		{781F1560-616E-4EF5-8112-A0B3ACA014CB}.Debug|Any CPU.Build.0 = Debug|Any CPU
		{781F1560-616E-4EF5-8112-A0B3ACA014CB}.Release|Any CPU.ActiveCfg = Release|Any CPU
		{781F1560-616E-4EF5-8112-A0B3ACA014CB}.Release|Any CPU.Build.0 = Release|Any CPU
		{19D51B59-471A-4FBD-9222-74AFC184CAA5}.Debug|Any CPU.ActiveCfg = Debug|Any CPU
		{19D51B59-471A-4FBD-9222-74AFC184CAA5}.Debug|Any CPU.Build.0 = Debug|Any CPU
		{19D51B59-471A-4FBD-9222-74AFC184CAA5}.Release|Any CPU.ActiveCfg = Release|Any CPU
		{19D51B59-471A-4FBD-9222-74AFC184CAA5}.Release|Any CPU.Build.0 = Release|Any CPU
		{8AE4ED56-BFB7-4BF0-A4AA-357E2A5670A2}.Debug|Any CPU.ActiveCfg = Debug|Any CPU
		{8AE4ED56-BFB7-4BF0-A4AA-357E2A5670A2}.Debug|Any CPU.Build.0 = Debug|Any CPU
		{8AE4ED56-BFB7-4BF0-A4AA-357E2A5670A2}.Release|Any CPU.ActiveCfg = Release|Any CPU
		{8AE4ED56-BFB7-4BF0-A4AA-357E2A5670A2}.Release|Any CPU.Build.0 = Release|Any CPU
		{A3A160B8-7100-4C61-9A68-476600E77B02}.Debug|Any CPU.ActiveCfg = Debug|Any CPU
		{A3A160B8-7100-4C61-9A68-476600E77B02}.Debug|Any CPU.Build.0 = Debug|Any CPU
		{A3A160B8-7100-4C61-9A68-476600E77B02}.Release|Any CPU.ActiveCfg = Release|Any CPU
		{A3A160B8-7100-4C61-9A68-476600E77B02}.Release|Any CPU.Build.0 = Release|Any CPU
	EndGlobalSection
	GlobalSection(SolutionProperties) = preSolution
		HideSolutionNode = FALSE
	EndGlobalSection
	GlobalSection(NestedProjects) = preSolution
		{CD4B570A-76E8-41FE-9B4A-90252C64CAFB} = {2B2451F6-7ADF-4B55-AB98-D5746E267EF5}
		{80E3CEB5-D99A-47C6-A1C3-ACF88380FC3F} = {2B2451F6-7ADF-4B55-AB98-D5746E267EF5}
		{19D51B59-471A-4FBD-9222-74AFC184CAA5} = {27A74D54-5934-405E-88A6-A07E69625AAD}
		{8AE4ED56-BFB7-4BF0-A4AA-357E2A5670A2} = {27A74D54-5934-405E-88A6-A07E69625AAD}
		{A3A160B8-7100-4C61-9A68-476600E77B02} = {27A74D54-5934-405E-88A6-A07E69625AAD}
	EndGlobalSection
	GlobalSection(ExtensibilityGlobals) = postSolution
		SolutionGuid = {D6D417D8-B979-45F1-9784-F4F505F27FC8}
	EndGlobalSection
EndGlobal
